
Microsoft Visual Studio Solution File, Format Version 12.00
# Visual Studio Version 16
VisualStudioVersion = 16.0.31313.79
MinimumVisualStudioVersion = 10.0.40219.1
Project("{FAE04EC0-301F-11D3-BF4B-00C04F79EFBC}") = "01.Persons", "01.Persons\01.Persons.csproj", "{6853F0C5-9F0F-49B2-9FCC-56FDC3B8FF8E}"
EndProject
Project("{FAE04EC0-301F-11D3-BF4B-00C04F79EFBC}") = "02.Salary", "02.Salary\02.Salary.csproj", "{6D6AF258-A066-4BFE-B171-6D535FD2E347}"
EndProject
Project("{FAE04EC0-301F-11D3-BF4B-00C04F79EFBC}") = "03.Validation", "03.Validation\03.Validation.csproj", "{D0A2A99A-5AD1-4E42-9500-3D0D8E089495}"
EndProject
Project("{FAE04EC0-301F-11D3-BF4B-00C04F79EFBC}") = "04.Team", "04.Team\04.Team.csproj", "{E69EF7A2-199D-4EBB-8EEA-0619BAADB793}"
EndProject
Global
	GlobalSection(SolutionConfigurationPlatforms) = preSolution
		Debug|Any CPU = Debug|Any CPU
		Release|Any CPU = Release|Any CPU
	EndGlobalSection
	GlobalSection(ProjectConfigurationPlatforms) = postSolution
		{6853F0C5-9F0F-49B2-9FCC-56FDC3B8FF8E}.Debug|Any CPU.ActiveCfg = Debug|Any CPU
		{6853F0C5-9F0F-49B2-9FCC-56FDC3B8FF8E}.Debug|Any CPU.Build.0 = Debug|Any CPU
		{6853F0C5-9F0F-49B2-9FCC-56FDC3B8FF8E}.Release|Any CPU.ActiveCfg = Release|Any CPU
		{6853F0C5-9F0F-49B2-9FCC-56FDC3B8FF8E}.Release|Any CPU.Build.0 = Release|Any CPU
		{6D6AF258-A066-4BFE-B171-6D535FD2E347}.Debug|Any CPU.ActiveCfg = Debug|Any CPU
		{6D6AF258-A066-4BFE-B171-6D535FD2E347}.Debug|Any CPU.Build.0 = Debug|Any CPU
		{6D6AF258-A066-4BFE-B171-6D535FD2E347}.Release|Any CPU.ActiveCfg = Release|Any CPU
		{6D6AF258-A066-4BFE-B171-6D535FD2E347}.Release|Any CPU.Build.0 = Release|Any CPU
		{D0A2A99A-5AD1-4E42-9500-3D0D8E089495}.Debug|Any CPU.ActiveCfg = Debug|Any CPU
		{D0A2A99A-5AD1-4E42-9500-3D0D8E089495}.Debug|Any CPU.Build.0 = Debug|Any CPU
		{D0A2A99A-5AD1-4E42-9500-3D0D8E089495}.Release|Any CPU.ActiveCfg = Release|Any CPU
		{D0A2A99A-5AD1-4E42-9500-3D0D8E089495}.Release|Any CPU.Build.0 = Release|Any CPU
		{E69EF7A2-199D-4EBB-8EEA-0619BAADB793}.Debug|Any CPU.ActiveCfg = Debug|Any CPU
		{E69EF7A2-199D-4EBB-8EEA-0619BAADB793}.Debug|Any CPU.Build.0 = Debug|Any CPU
		{E69EF7A2-199D-4EBB-8EEA-0619BAADB793}.Release|Any CPU.ActiveCfg = Release|Any CPU
		{E69EF7A2-199D-4EBB-8EEA-0619BAADB793}.Release|Any CPU.Build.0 = Release|Any CPU
	EndGlobalSection
	GlobalSection(SolutionProperties) = preSolution
		HideSolutionNode = FALSE
	EndGlobalSection
	GlobalSection(ExtensibilityGlobals) = postSolution
		SolutionGuid = {57B53FCB-ECDB-4BC9-B48B-509E963F6F1C}
	EndGlobalSection
EndGlobal
