
Microsoft Visual Studio Solution File, Format Version 12.00
# Visual Studio Version 16
VisualStudioVersion = 16.0.31129.286
MinimumVisualStudioVersion = 10.0.40219.1
Project("{FAE04EC0-301F-11D3-BF4B-00C04F79EFBC}") = "Basic Web Project", "Basic Web Project\Basic Web Project.csproj", "{F5667CFC-D121-4DC8-99B2-7AED90A80C06}"
EndProject
Global
	GlobalSection(SolutionConfigurationPlatforms) = preSolution
		Debug|Any CPU = Debug|Any CPU
		Release|Any CPU = Release|Any CPU
	EndGlobalSection
	GlobalSection(ProjectConfigurationPlatforms) = postSolution
		{F5667CFC-D121-4DC8-99B2-7AED90A80C06}.Debug|Any CPU.ActiveCfg = Debug|Any CPU
		{F5667CFC-D121-4DC8-99B2-7AED90A80C06}.Debug|Any CPU.Build.0 = Debug|Any CPU
		{F5667CFC-D121-4DC8-99B2-7AED90A80C06}.Release|Any CPU.ActiveCfg = Release|Any CPU
		{F5667CFC-D121-4DC8-99B2-7AED90A80C06}.Release|Any CPU.Build.0 = Release|Any CPU
	EndGlobalSection
	GlobalSection(SolutionProperties) = preSolution
		HideSolutionNode = FALSE
	EndGlobalSection
	GlobalSection(ExtensibilityGlobals) = postSolution
		SolutionGuid = {92D3E695-BE5D-4F40-BD4A-90E83045F189}
	EndGlobalSection
EndGlobal
