
Microsoft Visual Studio Solution File, Format Version 12.00
# Visual Studio Version 17
VisualStudioVersion = 17.3.32922.545
MinimumVisualStudioVersion = 10.0.40219.1
Project("{FAE04EC0-301F-11D3-BF4B-00C04F79EFBC}") = "MVC-Intro-Demo", "MVC-Intro-Demo\MVC-Intro-Demo.csproj", "{97B333F5-BCA0-4C93-8908-BCEA5BE6A1D6}"
EndProject
Global
	GlobalSection(SolutionConfigurationPlatforms) = preSolution
		Debug|Any CPU = Debug|Any CPU
		Release|Any CPU = Release|Any CPU
	EndGlobalSection
	GlobalSection(ProjectConfigurationPlatforms) = postSolution
		{97B333F5-BCA0-4C93-8908-BCEA5BE6A1D6}.Debug|Any CPU.ActiveCfg = Debug|Any CPU
		{97B333F5-BCA0-4C93-8908-BCEA5BE6A1D6}.Debug|Any CPU.Build.0 = Debug|Any CPU
		{97B333F5-BCA0-4C93-8908-BCEA5BE6A1D6}.Release|Any CPU.ActiveCfg = Release|Any CPU
		{97B333F5-BCA0-4C93-8908-BCEA5BE6A1D6}.Release|Any CPU.Build.0 = Release|Any CPU
	EndGlobalSection
	GlobalSection(SolutionProperties) = preSolution
		HideSolutionNode = FALSE
	EndGlobalSection
	GlobalSection(ExtensibilityGlobals) = postSolution
		SolutionGuid = {BF6531F3-8EC7-47BA-AA02-ED5C04D473BE}
	EndGlobalSection
EndGlobal
