
Microsoft Visual Studio Solution File, Format Version 12.00
# Visual Studio Version 16
VisualStudioVersion = 16.0.30907.101
MinimumVisualStudioVersion = 10.0.40219.1
Project("{FAE04EC0-301F-11D3-BF4B-00C04F79EFBC}") = "01. Reverse Strings", "01. Reverse Strings\01. Reverse Strings.csproj", "{90F6B7C3-1C06-48D1-B409-023ED936539F}"
EndProject
Project("{FAE04EC0-301F-11D3-BF4B-00C04F79EFBC}") = "02. Repeat Strings", "02. Repeat Strings\02. Repeat Strings.csproj", "{34375E96-18C2-4C13-9C31-76C181048B24}"
EndProject
Project("{FAE04EC0-301F-11D3-BF4B-00C04F79EFBC}") = "03. Substring", "03. Substring\03. Substring.csproj", "{3EC11E8D-33BF-484E-BB73-4E0DD25CF28A}"
EndProject
Project("{FAE04EC0-301F-11D3-BF4B-00C04F79EFBC}") = "04. Text Filter", "04. Text Filter\04. Text Filter.csproj", "{466C0EB7-7EA2-4C59-AE80-BDBAE91D0ABD}"
EndProject
Project("{FAE04EC0-301F-11D3-BF4B-00C04F79EFBC}") = "05. Digits, Letters and Other", "05. Digits, Letters and Other\05. Digits, Letters and Other.csproj", "{7C6A1FA1-80EA-4122-89A2-A6D6BE69223F}"
EndProject
Global
	GlobalSection(SolutionConfigurationPlatforms) = preSolution
		Debug|Any CPU = Debug|Any CPU
		Release|Any CPU = Release|Any CPU
	EndGlobalSection
	GlobalSection(ProjectConfigurationPlatforms) = postSolution
		{90F6B7C3-1C06-48D1-B409-023ED936539F}.Debug|Any CPU.ActiveCfg = Debug|Any CPU
		{90F6B7C3-1C06-48D1-B409-023ED936539F}.Debug|Any CPU.Build.0 = Debug|Any CPU
		{90F6B7C3-1C06-48D1-B409-023ED936539F}.Release|Any CPU.ActiveCfg = Release|Any CPU
		{90F6B7C3-1C06-48D1-B409-023ED936539F}.Release|Any CPU.Build.0 = Release|Any CPU
		{34375E96-18C2-4C13-9C31-76C181048B24}.Debug|Any CPU.ActiveCfg = Debug|Any CPU
		{34375E96-18C2-4C13-9C31-76C181048B24}.Debug|Any CPU.Build.0 = Debug|Any CPU
		{34375E96-18C2-4C13-9C31-76C181048B24}.Release|Any CPU.ActiveCfg = Release|Any CPU
		{34375E96-18C2-4C13-9C31-76C181048B24}.Release|Any CPU.Build.0 = Release|Any CPU
		{3EC11E8D-33BF-484E-BB73-4E0DD25CF28A}.Debug|Any CPU.ActiveCfg = Debug|Any CPU
		{3EC11E8D-33BF-484E-BB73-4E0DD25CF28A}.Debug|Any CPU.Build.0 = Debug|Any CPU
		{3EC11E8D-33BF-484E-BB73-4E0DD25CF28A}.Release|Any CPU.ActiveCfg = Release|Any CPU
		{3EC11E8D-33BF-484E-BB73-4E0DD25CF28A}.Release|Any CPU.Build.0 = Release|Any CPU
		{466C0EB7-7EA2-4C59-AE80-BDBAE91D0ABD}.Debug|Any CPU.ActiveCfg = Debug|Any CPU
		{466C0EB7-7EA2-4C59-AE80-BDBAE91D0ABD}.Debug|Any CPU.Build.0 = Debug|Any CPU
		{466C0EB7-7EA2-4C59-AE80-BDBAE91D0ABD}.Release|Any CPU.ActiveCfg = Release|Any CPU
		{466C0EB7-7EA2-4C59-AE80-BDBAE91D0ABD}.Release|Any CPU.Build.0 = Release|Any CPU
		{7C6A1FA1-80EA-4122-89A2-A6D6BE69223F}.Debug|Any CPU.ActiveCfg = Debug|Any CPU
		{7C6A1FA1-80EA-4122-89A2-A6D6BE69223F}.Debug|Any CPU.Build.0 = Debug|Any CPU
		{7C6A1FA1-80EA-4122-89A2-A6D6BE69223F}.Release|Any CPU.ActiveCfg = Release|Any CPU
		{7C6A1FA1-80EA-4122-89A2-A6D6BE69223F}.Release|Any CPU.Build.0 = Release|Any CPU
	EndGlobalSection
	GlobalSection(SolutionProperties) = preSolution
		HideSolutionNode = FALSE
	EndGlobalSection
	GlobalSection(ExtensibilityGlobals) = postSolution
		SolutionGuid = {2E71AAFC-DA08-41C0-B5B7-7253EA16B93C}
	EndGlobalSection
EndGlobal
