
Microsoft Visual Studio Solution File, Format Version 12.00
# Visual Studio Version 16
VisualStudioVersion = 16.0.31313.79
MinimumVisualStudioVersion = 10.0.40219.1
Project("{FAE04EC0-301F-11D3-BF4B-00C04F79EFBC}") = "01.Masterchef", "01.Masterchef\01.Masterchef.csproj", "{B8D84BC3-4B99-4B04-8802-5846248BF3D9}"
EndProject
Project("{FAE04EC0-301F-11D3-BF4B-00C04F79EFBC}") = "02.Survivor", "02.Survivor\02.Survivor.csproj", "{B818FCCE-6FCA-4C4C-ACD3-98E536FF5ED4}"
EndProject
Global
	GlobalSection(SolutionConfigurationPlatforms) = preSolution
		Debug|Any CPU = Debug|Any CPU
		Release|Any CPU = Release|Any CPU
	EndGlobalSection
	GlobalSection(ProjectConfigurationPlatforms) = postSolution
		{B8D84BC3-4B99-4B04-8802-5846248BF3D9}.Debug|Any CPU.ActiveCfg = Debug|Any CPU
		{B8D84BC3-4B99-4B04-8802-5846248BF3D9}.Debug|Any CPU.Build.0 = Debug|Any CPU
		{B8D84BC3-4B99-4B04-8802-5846248BF3D9}.Release|Any CPU.ActiveCfg = Release|Any CPU
		{B8D84BC3-4B99-4B04-8802-5846248BF3D9}.Release|Any CPU.Build.0 = Release|Any CPU
		{B818FCCE-6FCA-4C4C-ACD3-98E536FF5ED4}.Debug|Any CPU.ActiveCfg = Debug|Any CPU
		{B818FCCE-6FCA-4C4C-ACD3-98E536FF5ED4}.Debug|Any CPU.Build.0 = Debug|Any CPU
		{B818FCCE-6FCA-4C4C-ACD3-98E536FF5ED4}.Release|Any CPU.ActiveCfg = Release|Any CPU
		{B818FCCE-6FCA-4C4C-ACD3-98E536FF5ED4}.Release|Any CPU.Build.0 = Release|Any CPU
	EndGlobalSection
	GlobalSection(SolutionProperties) = preSolution
		HideSolutionNode = FALSE
	EndGlobalSection
	GlobalSection(ExtensibilityGlobals) = postSolution
		SolutionGuid = {2DB45C5C-CEDB-4BF3-887B-8DB557F60DF0}
	EndGlobalSection
EndGlobal
