
Microsoft Visual Studio Solution File, Format Version 12.00
# Visual Studio Version 16
VisualStudioVersion = 16.0.31313.79
MinimumVisualStudioVersion = 10.0.40219.1
Project("{9A19103F-16F7-4668-BE54-9A1E7A4F7556}") = "01. Basic Stack Operations", "01. Basic Stack Operations\01. Basic Stack Operations.csproj", "{B44136C8-F236-4144-A9EE-8D983E7BFB47}"
EndProject
Project("{9A19103F-16F7-4668-BE54-9A1E7A4F7556}") = "02. Basic Queue Operations", "02. Basic Queue Operations\02. Basic Queue Operations.csproj", "{1B488281-1AB1-490B-BF3E-7669780212A4}"
EndProject
Project("{9A19103F-16F7-4668-BE54-9A1E7A4F7556}") = "03. Maximum and Minimum Element", "03. Maximum and Minimum Element\03. Maximum and Minimum Element.csproj", "{7C4F5DF1-1AD6-4D6B-B066-8D9A688DB026}"
EndProject
Project("{9A19103F-16F7-4668-BE54-9A1E7A4F7556}") = "04. Fast Food", "04. Fast Food\04. Fast Food.csproj", "{DC36BF6A-E67B-4E66-8772-45F8593E976F}"
EndProject
Project("{9A19103F-16F7-4668-BE54-9A1E7A4F7556}") = "05. Fashion Boutique", "05. Fashion Boutique\05. Fashion Boutique.csproj", "{C95006DE-A8E1-48CE-92A2-65DF4CED1C10}"
EndProject
Project("{9A19103F-16F7-4668-BE54-9A1E7A4F7556}") = "06. Songs Queue", "06. Songs Queue\06. Songs Queue.csproj", "{E6B0FBE7-F2CB-4F4E-8ECA-00D2660F03E0}"
EndProject
Project("{9A19103F-16F7-4668-BE54-9A1E7A4F7556}") = "07. Truck Tour", "07. Truck Tour\07. Truck Tour.csproj", "{9C013539-29C3-4137-B5F7-49EB10027BAB}"
EndProject
Project("{9A19103F-16F7-4668-BE54-9A1E7A4F7556}") = "08. Balanced Parenthesis", "08. Balanced Parenthesis\08. Balanced Parenthesis.csproj", "{D891CE9E-29BF-48EA-8C55-A4B1B65B2977}"
EndProject
Project("{FAE04EC0-301F-11D3-BF4B-00C04F79EFBC}") = "09. Simple Text Editor", "09. Simple Text Editor\09. Simple Text Editor.csproj", "{1D350EA0-033A-480A-86AB-F756C57BA774}"
EndProject
Project("{FAE04EC0-301F-11D3-BF4B-00C04F79EFBC}") = "10. Crossroads", "10. Crossroads\10. Crossroads.csproj", "{F2081C2F-6F7C-4024-9D62-DA5BD84DF70C}"
EndProject
Global
	GlobalSection(SolutionConfigurationPlatforms) = preSolution
		Debug|Any CPU = Debug|Any CPU
		Release|Any CPU = Release|Any CPU
	EndGlobalSection
	GlobalSection(ProjectConfigurationPlatforms) = postSolution
		{B44136C8-F236-4144-A9EE-8D983E7BFB47}.Debug|Any CPU.ActiveCfg = Debug|Any CPU
		{B44136C8-F236-4144-A9EE-8D983E7BFB47}.Debug|Any CPU.Build.0 = Debug|Any CPU
		{B44136C8-F236-4144-A9EE-8D983E7BFB47}.Release|Any CPU.ActiveCfg = Release|Any CPU
		{B44136C8-F236-4144-A9EE-8D983E7BFB47}.Release|Any CPU.Build.0 = Release|Any CPU
		{1B488281-1AB1-490B-BF3E-7669780212A4}.Debug|Any CPU.ActiveCfg = Debug|Any CPU
		{1B488281-1AB1-490B-BF3E-7669780212A4}.Debug|Any CPU.Build.0 = Debug|Any CPU
		{1B488281-1AB1-490B-BF3E-7669780212A4}.Release|Any CPU.ActiveCfg = Release|Any CPU
		{1B488281-1AB1-490B-BF3E-7669780212A4}.Release|Any CPU.Build.0 = Release|Any CPU
		{7C4F5DF1-1AD6-4D6B-B066-8D9A688DB026}.Debug|Any CPU.ActiveCfg = Debug|Any CPU
		{7C4F5DF1-1AD6-4D6B-B066-8D9A688DB026}.Debug|Any CPU.Build.0 = Debug|Any CPU
		{7C4F5DF1-1AD6-4D6B-B066-8D9A688DB026}.Release|Any CPU.ActiveCfg = Release|Any CPU
		{7C4F5DF1-1AD6-4D6B-B066-8D9A688DB026}.Release|Any CPU.Build.0 = Release|Any CPU
		{DC36BF6A-E67B-4E66-8772-45F8593E976F}.Debug|Any CPU.ActiveCfg = Debug|Any CPU
		{DC36BF6A-E67B-4E66-8772-45F8593E976F}.Debug|Any CPU.Build.0 = Debug|Any CPU
		{DC36BF6A-E67B-4E66-8772-45F8593E976F}.Release|Any CPU.ActiveCfg = Release|Any CPU
		{DC36BF6A-E67B-4E66-8772-45F8593E976F}.Release|Any CPU.Build.0 = Release|Any CPU
		{C95006DE-A8E1-48CE-92A2-65DF4CED1C10}.Debug|Any CPU.ActiveCfg = Debug|Any CPU
		{C95006DE-A8E1-48CE-92A2-65DF4CED1C10}.Debug|Any CPU.Build.0 = Debug|Any CPU
		{C95006DE-A8E1-48CE-92A2-65DF4CED1C10}.Release|Any CPU.ActiveCfg = Release|Any CPU
		{C95006DE-A8E1-48CE-92A2-65DF4CED1C10}.Release|Any CPU.Build.0 = Release|Any CPU
		{E6B0FBE7-F2CB-4F4E-8ECA-00D2660F03E0}.Debug|Any CPU.ActiveCfg = Debug|Any CPU
		{E6B0FBE7-F2CB-4F4E-8ECA-00D2660F03E0}.Debug|Any CPU.Build.0 = Debug|Any CPU
		{E6B0FBE7-F2CB-4F4E-8ECA-00D2660F03E0}.Release|Any CPU.ActiveCfg = Release|Any CPU
		{E6B0FBE7-F2CB-4F4E-8ECA-00D2660F03E0}.Release|Any CPU.Build.0 = Release|Any CPU
		{9C013539-29C3-4137-B5F7-49EB10027BAB}.Debug|Any CPU.ActiveCfg = Debug|Any CPU
		{9C013539-29C3-4137-B5F7-49EB10027BAB}.Debug|Any CPU.Build.0 = Debug|Any CPU
		{9C013539-29C3-4137-B5F7-49EB10027BAB}.Release|Any CPU.ActiveCfg = Release|Any CPU
		{9C013539-29C3-4137-B5F7-49EB10027BAB}.Release|Any CPU.Build.0 = Release|Any CPU
		{D891CE9E-29BF-48EA-8C55-A4B1B65B2977}.Debug|Any CPU.ActiveCfg = Debug|Any CPU
		{D891CE9E-29BF-48EA-8C55-A4B1B65B2977}.Debug|Any CPU.Build.0 = Debug|Any CPU
		{D891CE9E-29BF-48EA-8C55-A4B1B65B2977}.Release|Any CPU.ActiveCfg = Release|Any CPU
		{D891CE9E-29BF-48EA-8C55-A4B1B65B2977}.Release|Any CPU.Build.0 = Release|Any CPU
		{1D350EA0-033A-480A-86AB-F756C57BA774}.Debug|Any CPU.ActiveCfg = Debug|Any CPU
		{1D350EA0-033A-480A-86AB-F756C57BA774}.Debug|Any CPU.Build.0 = Debug|Any CPU
		{1D350EA0-033A-480A-86AB-F756C57BA774}.Release|Any CPU.ActiveCfg = Release|Any CPU
		{1D350EA0-033A-480A-86AB-F756C57BA774}.Release|Any CPU.Build.0 = Release|Any CPU
		{F2081C2F-6F7C-4024-9D62-DA5BD84DF70C}.Debug|Any CPU.ActiveCfg = Debug|Any CPU
		{F2081C2F-6F7C-4024-9D62-DA5BD84DF70C}.Debug|Any CPU.Build.0 = Debug|Any CPU
		{F2081C2F-6F7C-4024-9D62-DA5BD84DF70C}.Release|Any CPU.ActiveCfg = Release|Any CPU
		{F2081C2F-6F7C-4024-9D62-DA5BD84DF70C}.Release|Any CPU.Build.0 = Release|Any CPU
	EndGlobalSection
	GlobalSection(SolutionProperties) = preSolution
		HideSolutionNode = FALSE
	EndGlobalSection
	GlobalSection(ExtensibilityGlobals) = postSolution
		SolutionGuid = {5BCD128D-1685-46B6-8981-B28C695BCA4F}
	EndGlobalSection
EndGlobal
