
Microsoft Visual Studio Solution File, Format Version 12.00
# Visual Studio Version 16
VisualStudioVersion = 16.0.31313.79
MinimumVisualStudioVersion = 10.0.40219.1
Project("{9A19103F-16F7-4668-BE54-9A1E7A4F7556}") = "01.Scheduling", "01.Scheduling\01.Scheduling.csproj", "{3FE533D9-0623-4614-A762-CEB26DF02E5B}"
EndProject
Project("{9A19103F-16F7-4668-BE54-9A1E7A4F7556}") = "02.Garden", "02.Garden\02.Garden.csproj", "{83EA976F-203B-4106-A37B-1A43181AEBC9}"
EndProject
Project("{9A19103F-16F7-4668-BE54-9A1E7A4F7556}") = "ClassroomProject", "03.Classroom\ClassroomProject.csproj", "{E4889F59-EEAD-4374-AC11-3F16D4428ADB}"
EndProject
Global
	GlobalSection(SolutionConfigurationPlatforms) = preSolution
		Debug|Any CPU = Debug|Any CPU
		Release|Any CPU = Release|Any CPU
	EndGlobalSection
	GlobalSection(ProjectConfigurationPlatforms) = postSolution
		{3FE533D9-0623-4614-A762-CEB26DF02E5B}.Debug|Any CPU.ActiveCfg = Debug|Any CPU
		{3FE533D9-0623-4614-A762-CEB26DF02E5B}.Debug|Any CPU.Build.0 = Debug|Any CPU
		{3FE533D9-0623-4614-A762-CEB26DF02E5B}.Release|Any CPU.ActiveCfg = Release|Any CPU
		{3FE533D9-0623-4614-A762-CEB26DF02E5B}.Release|Any CPU.Build.0 = Release|Any CPU
		{83EA976F-203B-4106-A37B-1A43181AEBC9}.Debug|Any CPU.ActiveCfg = Debug|Any CPU
		{83EA976F-203B-4106-A37B-1A43181AEBC9}.Debug|Any CPU.Build.0 = Debug|Any CPU
		{83EA976F-203B-4106-A37B-1A43181AEBC9}.Release|Any CPU.ActiveCfg = Release|Any CPU
		{83EA976F-203B-4106-A37B-1A43181AEBC9}.Release|Any CPU.Build.0 = Release|Any CPU
		{E4889F59-EEAD-4374-AC11-3F16D4428ADB}.Debug|Any CPU.ActiveCfg = Debug|Any CPU
		{E4889F59-EEAD-4374-AC11-3F16D4428ADB}.Debug|Any CPU.Build.0 = Debug|Any CPU
		{E4889F59-EEAD-4374-AC11-3F16D4428ADB}.Release|Any CPU.ActiveCfg = Release|Any CPU
		{E4889F59-EEAD-4374-AC11-3F16D4428ADB}.Release|Any CPU.Build.0 = Release|Any CPU
	EndGlobalSection
	GlobalSection(SolutionProperties) = preSolution
		HideSolutionNode = FALSE
	EndGlobalSection
	GlobalSection(ExtensibilityGlobals) = postSolution
		SolutionGuid = {026FE1B0-6A8F-42A2-9281-3D91D9C74218}
	EndGlobalSection
EndGlobal
