
Microsoft Visual Studio Solution File, Format Version 12.00
# Visual Studio Version 16
VisualStudioVersion = 16.0.30907.101
MinimumVisualStudioVersion = 10.0.40219.1
Project("{FAE04EC0-301F-11D3-BF4B-00C04F79EFBC}") = "01. The Imitation Game", "01. The Imitation Game\01. The Imitation Game.csproj", "{19D20E6B-BFA5-4C76-917C-F3D0E15E3365}"
EndProject
Project("{FAE04EC0-301F-11D3-BF4B-00C04F79EFBC}") = "02. Ad Astra", "02. Ad Astra\02. Ad Astra.csproj", "{618D3607-0FA2-4291-9FB4-0BA0709E2606}"
EndProject
Project("{FAE04EC0-301F-11D3-BF4B-00C04F79EFBC}") = "03. The Pianist", "03. The Pianist\03. The Pianist.csproj", "{54C14A40-B720-4B4D-8F12-0D511967724C}"
EndProject
Global
	GlobalSection(SolutionConfigurationPlatforms) = preSolution
		Debug|Any CPU = Debug|Any CPU
		Release|Any CPU = Release|Any CPU
	EndGlobalSection
	GlobalSection(ProjectConfigurationPlatforms) = postSolution
		{19D20E6B-BFA5-4C76-917C-F3D0E15E3365}.Debug|Any CPU.ActiveCfg = Debug|Any CPU
		{19D20E6B-BFA5-4C76-917C-F3D0E15E3365}.Debug|Any CPU.Build.0 = Debug|Any CPU
		{19D20E6B-BFA5-4C76-917C-F3D0E15E3365}.Release|Any CPU.ActiveCfg = Release|Any CPU
		{19D20E6B-BFA5-4C76-917C-F3D0E15E3365}.Release|Any CPU.Build.0 = Release|Any CPU
		{618D3607-0FA2-4291-9FB4-0BA0709E2606}.Debug|Any CPU.ActiveCfg = Debug|Any CPU
		{618D3607-0FA2-4291-9FB4-0BA0709E2606}.Debug|Any CPU.Build.0 = Debug|Any CPU
		{618D3607-0FA2-4291-9FB4-0BA0709E2606}.Release|Any CPU.ActiveCfg = Release|Any CPU
		{618D3607-0FA2-4291-9FB4-0BA0709E2606}.Release|Any CPU.Build.0 = Release|Any CPU
		{54C14A40-B720-4B4D-8F12-0D511967724C}.Debug|Any CPU.ActiveCfg = Debug|Any CPU
		{54C14A40-B720-4B4D-8F12-0D511967724C}.Debug|Any CPU.Build.0 = Debug|Any CPU
		{54C14A40-B720-4B4D-8F12-0D511967724C}.Release|Any CPU.ActiveCfg = Release|Any CPU
		{54C14A40-B720-4B4D-8F12-0D511967724C}.Release|Any CPU.Build.0 = Release|Any CPU
	EndGlobalSection
	GlobalSection(SolutionProperties) = preSolution
		HideSolutionNode = FALSE
	EndGlobalSection
	GlobalSection(ExtensibilityGlobals) = postSolution
		SolutionGuid = {90C2D481-C1E6-4291-90FA-9B8D0367506B}
	EndGlobalSection
EndGlobal
